
Microsoft Visual Studio Solution File, Format Version 12.00
# Visual Studio Version 17
VisualStudioVersion = 17.12.35514.174
MinimumVisualStudioVersion = 10.0.40219.1
Project("{FAE04EC0-301F-11D3-BF4B-00C04F79EFBC}") = "SmartStay.Core", "SmartStay.Core\SmartStay.Core.csproj", "{7FD2B5C1-3C52-4413-B061-BF84B26AB25A}"
EndProject
Project("{2150E333-8FDC-42A3-9474-1A3956D46DE8}") = "Libraries", "Libraries", "{CDC86562-76F1-4D2D-8DB7-8CEE8B7F9768}"
EndProject
Project("{FAE04EC0-301F-11D3-BF4B-00C04F79EFBC}") = "SmartStay.Validation", "SmartStay.Validation\SmartStay.Validation.csproj", "{D7018078-1972-4B28-B916-AF1B3EAB8B5A}"
EndProject
Project("{FAE04EC0-301F-11D3-BF4B-00C04F79EFBC}") = "SmartStay.Common", "SmartStay.Common\SmartStay.Common.csproj", "{30A1CBD6-CB77-4CD9-81BB-AD75B70F74CF}"
EndProject
Project("{FAE04EC0-301F-11D3-BF4B-00C04F79EFBC}") = "SmartStay.IO", "SmartStay.IO\SmartStay.IO.csproj", "{E7DE446C-5F19-4E3F-81FC-EBC5634D33D2}"
EndProject
Project("{2150E333-8FDC-42A3-9474-1A3956D46DE8}") = "Tests", "Tests", "{EEB42560-D340-4296-8A62-B898F8106DCF}"
EndProject
Project("{FAE04EC0-301F-11D3-BF4B-00C04F79EFBC}") = "SmartStay.Validation.Tests", "SmartStay.Validation.Tests\SmartStay.Validation.Tests.csproj", "{9329882D-EFB3-49F2-94BA-755B1D70C8FD}"
EndProject
Project("{FAE04EC0-301F-11D3-BF4B-00C04F79EFBC}") = "SmartStay.IO.Tests", "SmartStay.IO.Tests\SmartStay.IO.Tests.csproj", "{37F55275-88FD-46F4-9542-A1B5F25AAEF3}"
EndProject
Project("{FAE04EC0-301F-11D3-BF4B-00C04F79EFBC}") = "SmartStay.App", "SmartStay.App\SmartStay.App.csproj", "{5715C9F1-3AE9-4853-B19E-995AE5B75B02}"
EndProject
Global
	GlobalSection(SolutionConfigurationPlatforms) = preSolution
		Debug|Any CPU = Debug|Any CPU
		Release|Any CPU = Release|Any CPU
	EndGlobalSection
	GlobalSection(ProjectConfigurationPlatforms) = postSolution
		{7FD2B5C1-3C52-4413-B061-BF84B26AB25A}.Debug|Any CPU.ActiveCfg = Debug|Any CPU
		{7FD2B5C1-3C52-4413-B061-BF84B26AB25A}.Debug|Any CPU.Build.0 = Debug|Any CPU
		{7FD2B5C1-3C52-4413-B061-BF84B26AB25A}.Release|Any CPU.ActiveCfg = Release|Any CPU
		{7FD2B5C1-3C52-4413-B061-BF84B26AB25A}.Release|Any CPU.Build.0 = Release|Any CPU
		{D7018078-1972-4B28-B916-AF1B3EAB8B5A}.Debug|Any CPU.ActiveCfg = Debug|Any CPU
		{D7018078-1972-4B28-B916-AF1B3EAB8B5A}.Debug|Any CPU.Build.0 = Debug|Any CPU
		{D7018078-1972-4B28-B916-AF1B3EAB8B5A}.Release|Any CPU.ActiveCfg = Release|Any CPU
		{D7018078-1972-4B28-B916-AF1B3EAB8B5A}.Release|Any CPU.Build.0 = Release|Any CPU
		{30A1CBD6-CB77-4CD9-81BB-AD75B70F74CF}.Debug|Any CPU.ActiveCfg = Debug|Any CPU
		{30A1CBD6-CB77-4CD9-81BB-AD75B70F74CF}.Debug|Any CPU.Build.0 = Debug|Any CPU
		{30A1CBD6-CB77-4CD9-81BB-AD75B70F74CF}.Release|Any CPU.ActiveCfg = Release|Any CPU
		{30A1CBD6-CB77-4CD9-81BB-AD75B70F74CF}.Release|Any CPU.Build.0 = Release|Any CPU
		{E7DE446C-5F19-4E3F-81FC-EBC5634D33D2}.Debug|Any CPU.ActiveCfg = Debug|Any CPU
		{E7DE446C-5F19-4E3F-81FC-EBC5634D33D2}.Debug|Any CPU.Build.0 = Debug|Any CPU
		{E7DE446C-5F19-4E3F-81FC-EBC5634D33D2}.Release|Any CPU.ActiveCfg = Release|Any CPU
		{E7DE446C-5F19-4E3F-81FC-EBC5634D33D2}.Release|Any CPU.Build.0 = Release|Any CPU
		{9329882D-EFB3-49F2-94BA-755B1D70C8FD}.Debug|Any CPU.ActiveCfg = Debug|Any CPU
		{9329882D-EFB3-49F2-94BA-755B1D70C8FD}.Debug|Any CPU.Build.0 = Debug|Any CPU
		{9329882D-EFB3-49F2-94BA-755B1D70C8FD}.Release|Any CPU.ActiveCfg = Release|Any CPU
		{9329882D-EFB3-49F2-94BA-755B1D70C8FD}.Release|Any CPU.Build.0 = Release|Any CPU
		{37F55275-88FD-46F4-9542-A1B5F25AAEF3}.Debug|Any CPU.ActiveCfg = Debug|Any CPU
		{37F55275-88FD-46F4-9542-A1B5F25AAEF3}.Debug|Any CPU.Build.0 = Debug|Any CPU
		{37F55275-88FD-46F4-9542-A1B5F25AAEF3}.Release|Any CPU.ActiveCfg = Release|Any CPU
		{37F55275-88FD-46F4-9542-A1B5F25AAEF3}.Release|Any CPU.Build.0 = Release|Any CPU
		{5715C9F1-3AE9-4853-B19E-995AE5B75B02}.Debug|Any CPU.ActiveCfg = Debug|Any CPU
		{5715C9F1-3AE9-4853-B19E-995AE5B75B02}.Debug|Any CPU.Build.0 = Debug|Any CPU
		{5715C9F1-3AE9-4853-B19E-995AE5B75B02}.Release|Any CPU.ActiveCfg = Release|Any CPU
		{5715C9F1-3AE9-4853-B19E-995AE5B75B02}.Release|Any CPU.Build.0 = Release|Any CPU
	EndGlobalSection
	GlobalSection(SolutionProperties) = preSolution
		HideSolutionNode = FALSE
	EndGlobalSection
	GlobalSection(NestedProjects) = preSolution
		{7FD2B5C1-3C52-4413-B061-BF84B26AB25A} = {CDC86562-76F1-4D2D-8DB7-8CEE8B7F9768}
		{D7018078-1972-4B28-B916-AF1B3EAB8B5A} = {CDC86562-76F1-4D2D-8DB7-8CEE8B7F9768}
		{30A1CBD6-CB77-4CD9-81BB-AD75B70F74CF} = {CDC86562-76F1-4D2D-8DB7-8CEE8B7F9768}
		{E7DE446C-5F19-4E3F-81FC-EBC5634D33D2} = {CDC86562-76F1-4D2D-8DB7-8CEE8B7F9768}
		{9329882D-EFB3-49F2-94BA-755B1D70C8FD} = {EEB42560-D340-4296-8A62-B898F8106DCF}
		{37F55275-88FD-46F4-9542-A1B5F25AAEF3} = {EEB42560-D340-4296-8A62-B898F8106DCF}
	EndGlobalSection
EndGlobal
